
Microsoft Visual Studio Solution File, Format Version 12.00
# Visual Studio Version 17
VisualStudioVersion = 17.14.36623.8
MinimumVisualStudioVersion = 10.0.40219.1
Project("{2150E333-8FDC-42A3-9474-1A3956D46DE8}") = "Modernization", "Modernization", "{02EA681E-C7D8-13C7-8484-4AC65E1B71E8}"
EndProject
Project("{2150E333-8FDC-42A3-9474-1A3956D46DE8}") = "Legacy2009", "Legacy2009", "{AB8B3553-F61C-4472-8C34-74EFFAAF86BF}"
	ProjectSection(SolutionItems) = preProject
		src\Legacy2009\LegacyCodeProjectArticle\CodeProjectOriginalArticle.zip = src\Legacy2009\LegacyCodeProjectArticle\CodeProjectOriginalArticle.zip
	EndProjectSection
EndProject
Project("{FAE04EC0-301F-11D3-BF4B-00C04F79EFBC}") = "AppCofCExampleWinForms", "src\Modernized\AppCofCExampleWinForms\AppCofCExampleWinForms.csproj", "{B044C7BE-E056-A2DD-2EF0-0A9A39BF6F75}"
EndProject
Project("{FAE04EC0-301F-11D3-BF4B-00C04F79EFBC}") = "AppExampleCofCImpl", "src\Modernized\AppExampleCofCImpl\AppExampleCofCImpl.csproj", "{B38D2247-020E-CFE6-4744-36F58C0B47A0}"
EndProject
Project("{FAE04EC0-301F-11D3-BF4B-00C04F79EFBC}") = "ChainOfCommandCore", "src\Modernized\ChainOfCommandCore\ChainOfCommandCore.csproj", "{A2A112AB-9DC4-5BAB-535A-98579F03053C}"
EndProject
Project("{FAE04EC0-301F-11D3-BF4B-00C04F79EFBC}") = "ChainOfCommandManagerImpl", "src\Modernized\ChainOfCommandManagerImpl\ChainOfCommandManagerImpl.csproj", "{173F290A-6B8C-2D55-2C75-36906BAF46CD}"
EndProject
Project("{FAE04EC0-301F-11D3-BF4B-00C04F79EFBC}") = "ChainOfCommand", "src\Legacy2009\ChainOfCommand\ChainOfCommand.csproj", "{956757DB-0FDC-4683-9E68-291E8F423150}"
EndProject
Project("{FAE04EC0-301F-11D3-BF4B-00C04F79EFBC}") = "ChainOfCommandExample", "src\Legacy2009\ChainOfCommandExample\ChainOfCommandExample.csproj", "{9B06C7CE-E5FC-4D97-83B3-396449C08AC7}"
EndProject
Project("{FAE04EC0-301F-11D3-BF4B-00C04F79EFBC}") = "ExampleChainHandlers", "src\Legacy2009\ExampleChainHandlers\ExampleChainHandlers.csproj", "{85B2EFCD-CED6-4B76-A78B-BD930CD6A74D}"
EndProject
Global
	GlobalSection(SolutionConfigurationPlatforms) = preSolution
		Debug|Any CPU = Debug|Any CPU
		Release|Any CPU = Release|Any CPU
	EndGlobalSection
	GlobalSection(ProjectConfigurationPlatforms) = postSolution
		{B044C7BE-E056-A2DD-2EF0-0A9A39BF6F75}.Debug|Any CPU.ActiveCfg = Debug|Any CPU
		{B044C7BE-E056-A2DD-2EF0-0A9A39BF6F75}.Debug|Any CPU.Build.0 = Debug|Any CPU
		{B044C7BE-E056-A2DD-2EF0-0A9A39BF6F75}.Release|Any CPU.ActiveCfg = Release|Any CPU
		{B044C7BE-E056-A2DD-2EF0-0A9A39BF6F75}.Release|Any CPU.Build.0 = Release|Any CPU
		{B38D2247-020E-CFE6-4744-36F58C0B47A0}.Debug|Any CPU.ActiveCfg = Debug|Any CPU
		{B38D2247-020E-CFE6-4744-36F58C0B47A0}.Debug|Any CPU.Build.0 = Debug|Any CPU
		{B38D2247-020E-CFE6-4744-36F58C0B47A0}.Release|Any CPU.ActiveCfg = Release|Any CPU
		{B38D2247-020E-CFE6-4744-36F58C0B47A0}.Release|Any CPU.Build.0 = Release|Any CPU
		{A2A112AB-9DC4-5BAB-535A-98579F03053C}.Debug|Any CPU.ActiveCfg = Debug|Any CPU
		{A2A112AB-9DC4-5BAB-535A-98579F03053C}.Debug|Any CPU.Build.0 = Debug|Any CPU
		{A2A112AB-9DC4-5BAB-535A-98579F03053C}.Release|Any CPU.ActiveCfg = Release|Any CPU
		{A2A112AB-9DC4-5BAB-535A-98579F03053C}.Release|Any CPU.Build.0 = Release|Any CPU
		{173F290A-6B8C-2D55-2C75-36906BAF46CD}.Debug|Any CPU.ActiveCfg = Debug|Any CPU
		{173F290A-6B8C-2D55-2C75-36906BAF46CD}.Debug|Any CPU.Build.0 = Debug|Any CPU
		{173F290A-6B8C-2D55-2C75-36906BAF46CD}.Release|Any CPU.ActiveCfg = Release|Any CPU
		{173F290A-6B8C-2D55-2C75-36906BAF46CD}.Release|Any CPU.Build.0 = Release|Any CPU
		{956757DB-0FDC-4683-9E68-291E8F423150}.Debug|Any CPU.ActiveCfg = Debug|Any CPU
		{956757DB-0FDC-4683-9E68-291E8F423150}.Debug|Any CPU.Build.0 = Debug|Any CPU
		{956757DB-0FDC-4683-9E68-291E8F423150}.Release|Any CPU.ActiveCfg = Release|Any CPU
		{956757DB-0FDC-4683-9E68-291E8F423150}.Release|Any CPU.Build.0 = Release|Any CPU
		{9B06C7CE-E5FC-4D97-83B3-396449C08AC7}.Debug|Any CPU.ActiveCfg = Debug|Any CPU
		{9B06C7CE-E5FC-4D97-83B3-396449C08AC7}.Debug|Any CPU.Build.0 = Debug|Any CPU
		{9B06C7CE-E5FC-4D97-83B3-396449C08AC7}.Release|Any CPU.ActiveCfg = Release|Any CPU
		{9B06C7CE-E5FC-4D97-83B3-396449C08AC7}.Release|Any CPU.Build.0 = Release|Any CPU
		{85B2EFCD-CED6-4B76-A78B-BD930CD6A74D}.Debug|Any CPU.ActiveCfg = Debug|Any CPU
		{85B2EFCD-CED6-4B76-A78B-BD930CD6A74D}.Debug|Any CPU.Build.0 = Debug|Any CPU
		{85B2EFCD-CED6-4B76-A78B-BD930CD6A74D}.Release|Any CPU.ActiveCfg = Release|Any CPU
		{85B2EFCD-CED6-4B76-A78B-BD930CD6A74D}.Release|Any CPU.Build.0 = Release|Any CPU
	EndGlobalSection
	GlobalSection(SolutionProperties) = preSolution
		HideSolutionNode = FALSE
	EndGlobalSection
	GlobalSection(NestedProjects) = preSolution
		{B044C7BE-E056-A2DD-2EF0-0A9A39BF6F75} = {02EA681E-C7D8-13C7-8484-4AC65E1B71E8}
		{B38D2247-020E-CFE6-4744-36F58C0B47A0} = {02EA681E-C7D8-13C7-8484-4AC65E1B71E8}
		{A2A112AB-9DC4-5BAB-535A-98579F03053C} = {02EA681E-C7D8-13C7-8484-4AC65E1B71E8}
		{173F290A-6B8C-2D55-2C75-36906BAF46CD} = {02EA681E-C7D8-13C7-8484-4AC65E1B71E8}
		{956757DB-0FDC-4683-9E68-291E8F423150} = {AB8B3553-F61C-4472-8C34-74EFFAAF86BF}
		{9B06C7CE-E5FC-4D97-83B3-396449C08AC7} = {AB8B3553-F61C-4472-8C34-74EFFAAF86BF}
		{85B2EFCD-CED6-4B76-A78B-BD930CD6A74D} = {AB8B3553-F61C-4472-8C34-74EFFAAF86BF}
	EndGlobalSection
	GlobalSection(ExtensibilityGlobals) = postSolution
		SolutionGuid = {7E6F176E-F610-4C71-BBEF-C07B4A5127E2}
	EndGlobalSection
EndGlobal
